github.com/danielribes/metar v0.0.0-20231016183512-ea0a8c4b9f8f h1:ZNs8Y3QguF1ykiw87pfEWwhSjnPBFlPR4MpIjkEMF5k=
github.com/danielribes/metar v0.0.0-20231016183512-ea0a8c4b9f8f/go.mod h1:Wmo/SpMn4n6mg6XgYRDoVeOGIWmKA8r9CWmeV+7EEn4=
github.com/danielribes/metar v0.0.0-20231016184535-870555a9e981 h1:5StteRMOZ6rNRgaeckLRaRN4LwglbzBFRKhqvQj50DA=
github.com/danielribes/metar v0.0.0-20231016184535-870555a9e981/go.mod h1:Wmo/SpMn4n6mg6XgYRDoVeOGIWmKA8r9CWmeV+7EEn4=
